{
  "name": "@project-sunbird/sunbird-video-player-v9",
  "version": "6.1.2",
  "lockfileVersion": 2,
  "requires": true,
  "packages": {
    "": {
      "name": "@project-sunbird/sunbird-video-player-v9",
      "version": "6.1.2",
      "license": "MIT",
      "dependencies": {
        "@project-sunbird/sunbird-player-sdk-v9": "6.0.7",
        "tslib": "^2.0.0"
      },
      "devDependencies": {
        "@types/video.js": "^7.3.56"
      },
      "peerDependencies": {
        "@angular/common": "17.3.1",
        "@angular/core": "17.3.1",
        "@project-sunbird/client-services": "4.9.1",
        "@project-sunbird/sb-styles": "0.0.7",
        "@project-sunbird/sunbird-quml-player": "8.0.0-alpha.0",
        "video.js": "7.18.1",
        "videojs-contrib-quality-levels": ">= 2.1.0",
        "videojs-http-source-selector": ">= 1.1.6"
      }
    },
    "node_modules/@project-sunbird/sunbird-player-sdk-v9": {
      "version": "6.0.7",
      "resolved": "https://registry.npmjs.org/@project-sunbird/sunbird-player-sdk-v9/-/sunbird-player-sdk-v9-6.0.7.tgz",
      "integrity": "sha512-twlzA8kmLXsLAo1lD10oFmNLeS8ujLCmdGb/3bV6+62wuU2LV8W604PtU4NLZRxAiWpO7J5cDUj3JbyedU6/Xw==",
      "dependencies": {
        "tslib": "^2.0.0"
      },
      "peerDependencies": {
        "@angular/common": "^17.2.3",
        "@angular/core": "^17.2.3",
        "@project-sunbird/sb-styles": ">= 0.0.7",
        "ally.js": "1.4.1"
      }
    },
    "node_modules/@types/video.js": {
      "version": "7.3.56",
      "resolved": "https://registry.npmjs.org/@types/video.js/-/video.js-7.3.56.tgz",
      "integrity": "sha512-T3cp/kDuNj8scIzK87u0uomUDKnYQE1uHAA0zFPNGc0qCF3aLxZmMtpWvGxofEPNOpUfvtbsQMvwbjU42q8omw==",
      "dev": true
    },
    "node_modules/tslib": {
      "version": "2.6.2",
      "resolved": "https://registry.npmjs.org/tslib/-/tslib-2.6.2.tgz",
      "integrity": "sha512-AEYxH93jGFPn/a2iVAwW87VuUIkR1FVUKB77NwMF7nBTDkDrrT/Hpt/IrCJ0QXhW27jTBDcf5ZY7w6RiqTMw2Q=="
    }
  },
  "dependencies": {
    "@project-sunbird/sunbird-player-sdk-v9": {
      "version": "6.0.7",
      "resolved": "https://registry.npmjs.org/@project-sunbird/sunbird-player-sdk-v9/-/sunbird-player-sdk-v9-6.0.7.tgz",
      "integrity": "sha512-twlzA8kmLXsLAo1lD10oFmNLeS8ujLCmdGb/3bV6+62wuU2LV8W604PtU4NLZRxAiWpO7J5cDUj3JbyedU6/Xw==",
      "requires": {
        "tslib": "^2.0.0"
      }
    },
    "@types/video.js": {
      "version": "7.3.56",
      "resolved": "https://registry.npmjs.org/@types/video.js/-/video.js-7.3.56.tgz",
      "integrity": "sha512-T3cp/kDuNj8scIzK87u0uomUDKnYQE1uHAA0zFPNGc0qCF3aLxZmMtpWvGxofEPNOpUfvtbsQMvwbjU42q8omw==",
      "dev": true
    },
    "tslib": {
      "version": "2.6.2",
      "resolved": "https://registry.npmjs.org/tslib/-/tslib-2.6.2.tgz",
      "integrity": "sha512-AEYxH93jGFPn/a2iVAwW87VuUIkR1FVUKB77NwMF7nBTDkDrrT/Hpt/IrCJ0QXhW27jTBDcf5ZY7w6RiqTMw2Q=="
    }
  }
}
